<Solution>
  <Folder Name="/src/">
    <Project Path="src/ReqPipeline.Api/ReqPipeline.Api.csproj" />
    <Project Path="src/ReqPipeline.Core/ReqPipeline.Core.csproj" />
    <Project Path="src/ReqPipeline.Linter/ReqPipeline.Linter.csproj" />
    <Project Path="src/ReqPipeline.Web/ReqPipeline.Web.csproj" />
  </Folder>
  <Folder Name="/tests/">
    <Project Path="tests/ReqPipeline.UnitTests/ReqPipeline.UnitTests.csproj" />
  </Folder>
</Solution>
